{
  "name": "axiofrp",
  "version": "2.0.0",
  "lockfileVersion": 3,
  "requires": true,
  "packages": {
    "": {
      "name": "axiofrp",
      "version": "2.0.0",
      "dependencies": {
        "concurrently": "^8.2.0"
      }
    }
  },
  "dependencies": {
    "concurrently": {
      "version": "8.2.0",
      "resolved": "https://registry.npmjs.org/concurrently/-/concurrently-8.2.0.tgz",
      "integrity": "sha512-5mBZ7G5dGpCQNxZvCQcXpKDsUjZVXhXaCsfDQgkDMCQGLcVYvj0etkYcW8LrQQvF/5kDmps9z9+KGcR8jMgYhA=="
    }
  }
}